PODS:
  - HLSAudioPlayer (0.1.0):
    - RNConcurrentBlockOperation
  - Nimble (7.3.1)
  - OHHTTPStubs (6.1.0):
    - OHHTTPStubs/Default (= 6.1.0)
  - OHHTTPStubs/Core (6.1.0)
  - OHHTTPStubs/Default (6.1.0):
    - OHHTTPStubs/Core
    - OHHTTPStubs/JSON
    - OHHTTPStubs/NSURLSession
    - OHHTTPStubs/OHPathHelpers
  - OHHTTPStubs/JSON (6.1.0):
    - OHHTTPStubs/Core
  - OHHTTPStubs/NSURLSession (6.1.0):
    - OHHTTPStubs/Core
  - OHHTTPStubs/OHPathHelpers (6.1.0)
  - OHHTTPStubs/Swift (6.1.0):
    - OHHTTPStubs/Default
  - RNConcurrentBlockOperation (2.0)

DEPENDENCIES:
  - HLSAudioPlayer (from `../`)
  - Nimble
  - OHHTTPStubs
  - OHHTTPStubs/Swift

SPEC REPOS:
  https://github.com/cocoapods/specs.git:
    - Nimble
    - OHHTTPStubs
    - RNConcurrentBlockOperation

EXTERNAL SOURCES:
  HLSAudioPlayer:
    :path: "../"

SPEC CHECKSUMS:
  HLSAudioPlayer: d1aeeacabfb6088bc7917f3bc0218b98b16e0c45
  Nimble: 04f732da099ea4d153122aec8c2a88fd0c7219ae
  OHHTTPStubs: 1e21c7d2c084b8153fc53d48400d8919d2d432d0
  RNConcurrentBlockOperation: 1ca793e5994df99e3805f43dd2a77da26f3bdd7e

PODFILE CHECKSUM: 8f8c958f17a6656d73e0372f3b842f3e62d68aeb

COCOAPODS: 1.5.3
